
Microsoft Visual Studio Solution File, Format Version 11.00
# Visual Studio 2010
Project("{8BC9CEB8-8B4A-11D0-8D11-00A0C91BC942}") = "3-2-1", "3.2.1 - Hello World!\3.2.1 - Hello World!.vcxproj", "{526D89C6-5F65-43AD-8F52-3B9B181C81D8}"
EndProject
Project("{8BC9CEB8-8B4A-11D0-8D11-00A0C91BC942}") = "3-2-2", "3.2.2 AKernalCall\3.2.2 AKernalCall.vcxproj", "{1C74276D-59B1-44CE-BE98-7FE81AF027D4}"
EndProject
Project("{8BC9CEB8-8B4A-11D0-8D11-00A0C91BC942}") = "3-2-3 PassingParameters", "3-2-3 PassingParameters\3-2-3 PassingParameters.vcxproj", "{94D3F6FC-FADE-4CCE-A6C2-011B526AE9EA}"
EndProject
Project("{8BC9CEB8-8B4A-11D0-8D11-00A0C91BC942}") = "3-3 QueryingDevices", "3-3 QueryingDevices\3-3 QueryingDevices.vcxproj", "{2E68312F-5DED-492C-8BC1-D4209850F9C3}"
EndProject
Project("{8BC9CEB8-8B4A-11D0-8D11-00A0C91BC942}") = "3-4 UsingDeviceProperties", "3-4 UsingDeviceProperties\3-4 UsingDeviceProperties.vcxproj", "{61D29921-609E-4C3E-A8FD-68B3EAD15AAE}"
EndProject
Project("{8BC9CEB8-8B4A-11D0-8D11-00A0C91BC942}") = "4-2-1 GPUVectorSums", "4-2-1 GPUVectorSums\4-2-1 GPUVectorSums.vcxproj", "{0D85EB67-584B-4FC2-893D-3E3CCFF40FA0}"
EndProject
Project("{8BC9CEB8-8B4A-11D0-8D11-00A0C91BC942}") = "4-2-2 JuliaSet", "4-2-2 JuliaSet\4-2-2 JuliaSet.vcxproj", "{40DCB4B7-2E9D-4EFF-87AB-212DE6198530}"
EndProject
Project("{8BC9CEB8-8B4A-11D0-8D11-00A0C91BC942}") = "5-2-1 GPUVectorSumsRedux", "5-2-1 GPUVectorSumsRedux\5-2-1 GPUVectorSumsRedux.vcxproj", "{FBAC0A6C-6B04-4655-BAD0-AD8A6269D580}"
EndProject
Project("{8BC9CEB8-8B4A-11D0-8D11-00A0C91BC942}") = "5-2-2 GPURipple", "5-2-2 GPURipple\5-2-2 GPURipple.vcxproj", "{43AD03D6-C5EC-4D82-A3A3-E3A00F3F5D6D}"
EndProject
Project("{8BC9CEB8-8B4A-11D0-8D11-00A0C91BC942}") = "5-3-1 DotProduct", "5-3-1 DotProduct\5-3-1 DotProduct.vcxproj", "{7087D69F-7C08-442F-96A9-BD467D5BE17D}"
EndProject
Project("{8BC9CEB8-8B4A-11D0-8D11-00A0C91BC942}") = "5-3-3 SharedMemoryBitmap", "5-3-3 SharedMemoryBitmap\5-3-3 SharedMemoryBitmap.vcxproj", "{83A7F339-428E-4C26-A058-1B1369140EF8}"
EndProject
Project("{8BC9CEB8-8B4A-11D0-8D11-00A0C91BC942}") = "6-3 RayNoConstMem", "6-3 RayNoConstMem\6-3 RayNoConstMem.vcxproj", "{044678CE-1915-46DA-873E-9454C5957EC8}"
EndProject
Project("{8BC9CEB8-8B4A-11D0-8D11-00A0C91BC942}") = "6-3 RayWithConstMem", "6-3 RayWithConstMem\6-3 RayWithConstMem.vcxproj", "{C01BBB4A-4E16-4A95-9C3A-E1CC2F253784}"
EndProject
Project("{8BC9CEB8-8B4A-11D0-8D11-00A0C91BC942}") = "7-3 HeatGlobalMem", "7-3 HeatGlobalMem\7-3 HeatGlobalMem.vcxproj", "{B72F101F-D9CC-4D80-95F3-DD014B89B315}"
EndProject
Project("{8BC9CEB8-8B4A-11D0-8D11-00A0C91BC942}") = "7-3 HeatTex2DMem", "7-3 HeatTex2DMem\7-3 HeatTex2DMem.vcxproj", "{F01086F9-D2AA-43FE-B073-59CABADF6731}"
EndProject
Project("{8BC9CEB8-8B4A-11D0-8D11-00A0C91BC942}") = "8-2 GraphicsInteroperation", "8-2 GraphicsInteroperation\8-2 GraphicsInteroperation.vcxproj", "{6A01F7D3-8376-4712-A630-E0B3BDB249C1}"
EndProject
Project("{8BC9CEB8-8B4A-11D0-8D11-00A0C91BC942}") = "8-3 GPURippleInterop", "8-3 GPURippleInterop\8-3 GPURippleInterop.vcxproj", "{8D7E6C67-1FA3-487A-A64E-C87D0CC0602C}"
EndProject
Project("{8BC9CEB8-8B4A-11D0-8D11-00A0C91BC942}") = "8-4 HeatTransferInterop", "8-4 HeatTransferInterop\8-4 HeatTransferInterop.vcxproj", "{6FCC60DB-6602-401A-8E28-8FD94AC9B70F}"
EndProject
Global
	GlobalSection(SolutionConfigurationPlatforms) = preSolution
		Debug|Win32 = Debug|Win32
		Release|Win32 = Release|Win32
	EndGlobalSection
	GlobalSection(ProjectConfigurationPlatforms) = postSolution
		{526D89C6-5F65-43AD-8F52-3B9B181C81D8}.Debug|Win32.ActiveCfg = Debug|Win32
		{526D89C6-5F65-43AD-8F52-3B9B181C81D8}.Debug|Win32.Build.0 = Debug|Win32
		{526D89C6-5F65-43AD-8F52-3B9B181C81D8}.Release|Win32.ActiveCfg = Release|Win32
		{526D89C6-5F65-43AD-8F52-3B9B181C81D8}.Release|Win32.Build.0 = Release|Win32
		{1C74276D-59B1-44CE-BE98-7FE81AF027D4}.Debug|Win32.ActiveCfg = Debug|Win32
		{1C74276D-59B1-44CE-BE98-7FE81AF027D4}.Debug|Win32.Build.0 = Debug|Win32
		{1C74276D-59B1-44CE-BE98-7FE81AF027D4}.Release|Win32.ActiveCfg = Release|Win32
		{1C74276D-59B1-44CE-BE98-7FE81AF027D4}.Release|Win32.Build.0 = Release|Win32
		{94D3F6FC-FADE-4CCE-A6C2-011B526AE9EA}.Debug|Win32.ActiveCfg = Debug|Win32
		{94D3F6FC-FADE-4CCE-A6C2-011B526AE9EA}.Debug|Win32.Build.0 = Debug|Win32
		{94D3F6FC-FADE-4CCE-A6C2-011B526AE9EA}.Release|Win32.ActiveCfg = Release|Win32
		{94D3F6FC-FADE-4CCE-A6C2-011B526AE9EA}.Release|Win32.Build.0 = Release|Win32
		{2E68312F-5DED-492C-8BC1-D4209850F9C3}.Debug|Win32.ActiveCfg = Debug|Win32
		{2E68312F-5DED-492C-8BC1-D4209850F9C3}.Debug|Win32.Build.0 = Debug|Win32
		{2E68312F-5DED-492C-8BC1-D4209850F9C3}.Release|Win32.ActiveCfg = Release|Win32
		{2E68312F-5DED-492C-8BC1-D4209850F9C3}.Release|Win32.Build.0 = Release|Win32
		{61D29921-609E-4C3E-A8FD-68B3EAD15AAE}.Debug|Win32.ActiveCfg = Debug|Win32
		{61D29921-609E-4C3E-A8FD-68B3EAD15AAE}.Debug|Win32.Build.0 = Debug|Win32
		{61D29921-609E-4C3E-A8FD-68B3EAD15AAE}.Release|Win32.ActiveCfg = Release|Win32
		{61D29921-609E-4C3E-A8FD-68B3EAD15AAE}.Release|Win32.Build.0 = Release|Win32
		{0D85EB67-584B-4FC2-893D-3E3CCFF40FA0}.Debug|Win32.ActiveCfg = Debug|Win32
		{0D85EB67-584B-4FC2-893D-3E3CCFF40FA0}.Debug|Win32.Build.0 = Debug|Win32
		{0D85EB67-584B-4FC2-893D-3E3CCFF40FA0}.Release|Win32.ActiveCfg = Release|Win32
		{0D85EB67-584B-4FC2-893D-3E3CCFF40FA0}.Release|Win32.Build.0 = Release|Win32
		{40DCB4B7-2E9D-4EFF-87AB-212DE6198530}.Debug|Win32.ActiveCfg = Debug|Win32
		{40DCB4B7-2E9D-4EFF-87AB-212DE6198530}.Debug|Win32.Build.0 = Debug|Win32
		{40DCB4B7-2E9D-4EFF-87AB-212DE6198530}.Release|Win32.ActiveCfg = Release|Win32
		{40DCB4B7-2E9D-4EFF-87AB-212DE6198530}.Release|Win32.Build.0 = Release|Win32
		{FBAC0A6C-6B04-4655-BAD0-AD8A6269D580}.Debug|Win32.ActiveCfg = Debug|Win32
		{FBAC0A6C-6B04-4655-BAD0-AD8A6269D580}.Debug|Win32.Build.0 = Debug|Win32
		{FBAC0A6C-6B04-4655-BAD0-AD8A6269D580}.Release|Win32.ActiveCfg = Release|Win32
		{FBAC0A6C-6B04-4655-BAD0-AD8A6269D580}.Release|Win32.Build.0 = Release|Win32
		{43AD03D6-C5EC-4D82-A3A3-E3A00F3F5D6D}.Debug|Win32.ActiveCfg = Debug|Win32
		{43AD03D6-C5EC-4D82-A3A3-E3A00F3F5D6D}.Debug|Win32.Build.0 = Debug|Win32
		{43AD03D6-C5EC-4D82-A3A3-E3A00F3F5D6D}.Release|Win32.ActiveCfg = Release|Win32
		{43AD03D6-C5EC-4D82-A3A3-E3A00F3F5D6D}.Release|Win32.Build.0 = Release|Win32
		{7087D69F-7C08-442F-96A9-BD467D5BE17D}.Debug|Win32.ActiveCfg = Debug|Win32
		{7087D69F-7C08-442F-96A9-BD467D5BE17D}.Debug|Win32.Build.0 = Debug|Win32
		{7087D69F-7C08-442F-96A9-BD467D5BE17D}.Release|Win32.ActiveCfg = Release|Win32
		{7087D69F-7C08-442F-96A9-BD467D5BE17D}.Release|Win32.Build.0 = Release|Win32
		{83A7F339-428E-4C26-A058-1B1369140EF8}.Debug|Win32.ActiveCfg = Debug|Win32
		{83A7F339-428E-4C26-A058-1B1369140EF8}.Debug|Win32.Build.0 = Debug|Win32
		{83A7F339-428E-4C26-A058-1B1369140EF8}.Release|Win32.ActiveCfg = Release|Win32
		{83A7F339-428E-4C26-A058-1B1369140EF8}.Release|Win32.Build.0 = Release|Win32
		{044678CE-1915-46DA-873E-9454C5957EC8}.Debug|Win32.ActiveCfg = Debug|Win32
		{044678CE-1915-46DA-873E-9454C5957EC8}.Debug|Win32.Build.0 = Debug|Win32
		{044678CE-1915-46DA-873E-9454C5957EC8}.Release|Win32.ActiveCfg = Release|Win32
		{044678CE-1915-46DA-873E-9454C5957EC8}.Release|Win32.Build.0 = Release|Win32
		{C01BBB4A-4E16-4A95-9C3A-E1CC2F253784}.Debug|Win32.ActiveCfg = Debug|Win32
		{C01BBB4A-4E16-4A95-9C3A-E1CC2F253784}.Debug|Win32.Build.0 = Debug|Win32
		{C01BBB4A-4E16-4A95-9C3A-E1CC2F253784}.Release|Win32.ActiveCfg = Release|Win32
		{C01BBB4A-4E16-4A95-9C3A-E1CC2F253784}.Release|Win32.Build.0 = Release|Win32
		{B72F101F-D9CC-4D80-95F3-DD014B89B315}.Debug|Win32.ActiveCfg = Debug|Win32
		{B72F101F-D9CC-4D80-95F3-DD014B89B315}.Debug|Win32.Build.0 = Debug|Win32
		{B72F101F-D9CC-4D80-95F3-DD014B89B315}.Release|Win32.ActiveCfg = Release|Win32
		{B72F101F-D9CC-4D80-95F3-DD014B89B315}.Release|Win32.Build.0 = Release|Win32
		{F01086F9-D2AA-43FE-B073-59CABADF6731}.Debug|Win32.ActiveCfg = Debug|Win32
		{F01086F9-D2AA-43FE-B073-59CABADF6731}.Debug|Win32.Build.0 = Debug|Win32
		{F01086F9-D2AA-43FE-B073-59CABADF6731}.Release|Win32.ActiveCfg = Release|Win32
		{F01086F9-D2AA-43FE-B073-59CABADF6731}.Release|Win32.Build.0 = Release|Win32
		{6A01F7D3-8376-4712-A630-E0B3BDB249C1}.Debug|Win32.ActiveCfg = Debug|Win32
		{6A01F7D3-8376-4712-A630-E0B3BDB249C1}.Debug|Win32.Build.0 = Debug|Win32
		{6A01F7D3-8376-4712-A630-E0B3BDB249C1}.Release|Win32.ActiveCfg = Release|Win32
		{6A01F7D3-8376-4712-A630-E0B3BDB249C1}.Release|Win32.Build.0 = Release|Win32
		{8D7E6C67-1FA3-487A-A64E-C87D0CC0602C}.Debug|Win32.ActiveCfg = Debug|Win32
		{8D7E6C67-1FA3-487A-A64E-C87D0CC0602C}.Debug|Win32.Build.0 = Debug|Win32
		{8D7E6C67-1FA3-487A-A64E-C87D0CC0602C}.Release|Win32.ActiveCfg = Release|Win32
		{8D7E6C67-1FA3-487A-A64E-C87D0CC0602C}.Release|Win32.Build.0 = Release|Win32
		{6FCC60DB-6602-401A-8E28-8FD94AC9B70F}.Debug|Win32.ActiveCfg = Debug|Win32
		{6FCC60DB-6602-401A-8E28-8FD94AC9B70F}.Debug|Win32.Build.0 = Debug|Win32
		{6FCC60DB-6602-401A-8E28-8FD94AC9B70F}.Release|Win32.ActiveCfg = Release|Win32
		{6FCC60DB-6602-401A-8E28-8FD94AC9B70F}.Release|Win32.Build.0 = Release|Win32
	EndGlobalSection
	GlobalSection(SolutionProperties) = preSolution
		HideSolutionNode = FALSE
	EndGlobalSection
EndGlobal
